
Microsoft Visual Studio Solution File, Format Version 12.00
# Visual Studio 2015
Project("{FAE04EC0-301F-11D3-BF4B-00C04F79EFBC}") = "Necromancer-Lord.CSharp", "Necromancer-Lord.CSharp.csproj", "{7978EBFB-7740-B6CF-1840-C9DFD89BCE28}"
EndProject
Project("{FAE04EC0-301F-11D3-BF4B-00C04F79EFBC}") = "Necromancer-Lord.CSharp.Editor", "Necromancer-Lord.CSharp.Editor.csproj", "{51C41B2B-8142-1A60-0456-F8141D0A29F7}"
EndProject
Global
	GlobalSection(SolutionConfigurationPlatforms) = preSolution
		Debug|Any CPU = Debug|Any CPU
		Release|Any CPU = Release|Any CPU
	EndGlobalSection
	GlobalSection(ProjectConfigurationPlatforms) = postSolution
		{7978EBFB-7740-B6CF-1840-C9DFD89BCE28}.Debug|Any CPU.ActiveCfg = Debug|Any CPU
		{7978EBFB-7740-B6CF-1840-C9DFD89BCE28}.Debug|Any CPU.Build.0 = Debug|Any CPU
		{7978EBFB-7740-B6CF-1840-C9DFD89BCE28}.Release|Any CPU.ActiveCfg = Release|Any CPU
		{7978EBFB-7740-B6CF-1840-C9DFD89BCE28}.Release|Any CPU.Build.0 = Release|Any CPU
		{51C41B2B-8142-1A60-0456-F8141D0A29F7}.Debug|Any CPU.ActiveCfg = Debug|Any CPU
		{51C41B2B-8142-1A60-0456-F8141D0A29F7}.Debug|Any CPU.Build.0 = Debug|Any CPU
		{51C41B2B-8142-1A60-0456-F8141D0A29F7}.Release|Any CPU.ActiveCfg = Release|Any CPU
		{51C41B2B-8142-1A60-0456-F8141D0A29F7}.Release|Any CPU.Build.0 = Release|Any CPU
	EndGlobalSection
	GlobalSection(SolutionProperties) = preSolution
		HideSolutionNode = FALSE
	EndGlobalSection
EndGlobal
