Microsoft Visual Studio Solution File, Format Version 11.00
# Visual Studio 2008

Project("{010F412F-8BB6-8071-AFD8-CE990850F9A7}") = "Necromancer-Lord", "Assembly-CSharp.csproj", "{26032B75-7128-A8A2-D836-87927C85521A}"
EndProject
Project("{010F412F-8BB6-8071-AFD8-CE990850F9A7}") = "Necromancer-Lord", "Assembly-CSharp-Editor.csproj", "{806CE3B1-D1F9-13A0-A5BC-0BFC0F5F97EB}"
EndProject
Global
	GlobalSection(SolutionConfigurationPlatforms) = preSolution
		Debug|Any CPU = Debug|Any CPU
		Release|Any CPU = Release|Any CPU
	EndGlobalSection
	GlobalSection(ProjectConfigurationPlatforms) = postSolution
		{26032B75-7128-A8A2-D836-87927C85521A}.Debug|Any CPU.ActiveCfg = Debug|Any CPU
		{26032B75-7128-A8A2-D836-87927C85521A}.Debug|Any CPU.Build.0 = Debug|Any CPU
		{26032B75-7128-A8A2-D836-87927C85521A}.Release|Any CPU.ActiveCfg = Release|Any CPU
		{26032B75-7128-A8A2-D836-87927C85521A}.Release|Any CPU.Build.0 = Release|Any CPU
		{806CE3B1-D1F9-13A0-A5BC-0BFC0F5F97EB}.Debug|Any CPU.ActiveCfg = Debug|Any CPU
		{806CE3B1-D1F9-13A0-A5BC-0BFC0F5F97EB}.Debug|Any CPU.Build.0 = Debug|Any CPU
		{806CE3B1-D1F9-13A0-A5BC-0BFC0F5F97EB}.Release|Any CPU.ActiveCfg = Release|Any CPU
		{806CE3B1-D1F9-13A0-A5BC-0BFC0F5F97EB}.Release|Any CPU.Build.0 = Release|Any CPU
	EndGlobalSection
	GlobalSection(SolutionProperties) = preSolution
		HideSolutionNode = FALSE
	EndGlobalSection
	GlobalSection(MonoDevelopProperties) = preSolution
		StartupItem = Assembly-CSharp.csproj
	EndGlobalSection
EndGlobal
